
Microsoft Visual Studio Solution File, Format Version 12.00
# Visual Studio Version 17
VisualStudioVersion = 17.9.34616.47
MinimumVisualStudioVersion = 10.0.40219.1
Project("{FAE04EC0-301F-11D3-BF4B-00C04F79EFBC}") = "OnlineShop", "OnlineShop.csproj", "{30B7923B-091C-43CD-95FC-0E34650C16F8}"
EndProject
Global
	GlobalSection(SolutionConfigurationPlatforms) = preSolution
		Debug|Any CPU = Debug|Any CPU
		Release|Any CPU = Release|Any CPU
	EndGlobalSection
	GlobalSection(ProjectConfigurationPlatforms) = postSolution
		{30B7923B-091C-43CD-95FC-0E34650C16F8}.Debug|Any CPU.ActiveCfg = Debug|Any CPU
		{30B7923B-091C-43CD-95FC-0E34650C16F8}.Debug|Any CPU.Build.0 = Debug|Any CPU
		{30B7923B-091C-43CD-95FC-0E34650C16F8}.Release|Any CPU.ActiveCfg = Release|Any CPU
		{30B7923B-091C-43CD-95FC-0E34650C16F8}.Release|Any CPU.Build.0 = Release|Any CPU
	EndGlobalSection
	GlobalSection(SolutionProperties) = preSolution
		HideSolutionNode = FALSE
	EndGlobalSection
	GlobalSection(ExtensibilityGlobals) = postSolution
		SolutionGuid = {7AF8D83C-2B15-41E6-890C-52453C20E27B}
	EndGlobalSection
EndGlobal
